
Microsoft Visual Studio Solution File, Format Version 12.00
# Visual Studio Version 16
VisualStudioVersion = 16.0.30711.63
MinimumVisualStudioVersion = 10.0.40219.1
Project("{FAE04EC0-301F-11D3-BF4B-00C04F79EFBC}") = "calculator", "calculator\calculator.csproj", "{577E4B11-F88D-4427-B979-42B9ED32FA55}"
EndProject
Global
	GlobalSection(SolutionConfigurationPlatforms) = preSolution
		Debug|Any CPU = Debug|Any CPU
		Release|Any CPU = Release|Any CPU
	EndGlobalSection
	GlobalSection(ProjectConfigurationPlatforms) = postSolution
		{577E4B11-F88D-4427-B979-42B9ED32FA55}.Debug|Any CPU.ActiveCfg = Debug|Any CPU
		{577E4B11-F88D-4427-B979-42B9ED32FA55}.Debug|Any CPU.Build.0 = Debug|Any CPU
		{577E4B11-F88D-4427-B979-42B9ED32FA55}.Release|Any CPU.ActiveCfg = Release|Any CPU
		{577E4B11-F88D-4427-B979-42B9ED32FA55}.Release|Any CPU.Build.0 = Release|Any CPU
	EndGlobalSection
	GlobalSection(SolutionProperties) = preSolution
		HideSolutionNode = FALSE
	EndGlobalSection
	GlobalSection(ExtensibilityGlobals) = postSolution
		SolutionGuid = {8070226E-51EF-4FDB-BB55-4B57A7BFE808}
	EndGlobalSection
EndGlobal
